
Microsoft Visual Studio Solution File, Format Version 12.00
# Visual Studio Version 16
VisualStudioVersion = 16.0.31129.286
MinimumVisualStudioVersion = 10.0.40219.1
Project("{9A19103F-16F7-4668-BE54-9A1E7A4F7556}") = "Soft", "ReservationProject\Soft.csproj", "{95FF400E-AEAB-4167-B884-1A874A3F5ACD}"
	ProjectSection(ProjectDependencies) = postProject
		{A58C7B09-A2A3-4992-A4B5-0B55C138D58E} = {A58C7B09-A2A3-4992-A4B5-0B55C138D58E}
		{5E75FD37-89F6-4A0A-9D35-CF1FA16649E6} = {5E75FD37-89F6-4A0A-9D35-CF1FA16649E6}
		{C60A684A-AEDD-40C7-921A-5D1CDA37DD63} = {C60A684A-AEDD-40C7-921A-5D1CDA37DD63}
		{0E9F1053-655D-4AF5-B6BF-2A5A256094FA} = {0E9F1053-655D-4AF5-B6BF-2A5A256094FA}
		{A9DF5F93-55F5-455D-935B-9001BE27D466} = {A9DF5F93-55F5-455D-935B-9001BE27D466}
		{5A6E599E-925E-4FC7-88CB-2D6CC27B5872} = {5A6E599E-925E-4FC7-88CB-2D6CC27B5872}
		{0FC940B3-CF2A-4E99-8D88-99CA0121B0D1} = {0FC940B3-CF2A-4E99-8D88-99CA0121B0D1}
	EndProjectSection
EndProject
Project("{9A19103F-16F7-4668-BE54-9A1E7A4F7556}") = "Aids", "Aids\Aids.csproj", "{C60A684A-AEDD-40C7-921A-5D1CDA37DD63}"
EndProject
Project("{9A19103F-16F7-4668-BE54-9A1E7A4F7556}") = "Core", "Core\Core.csproj", "{A58C7B09-A2A3-4992-A4B5-0B55C138D58E}"
EndProject
Project("{9A19103F-16F7-4668-BE54-9A1E7A4F7556}") = "Data", "Data\Data.csproj", "{0E9F1053-655D-4AF5-B6BF-2A5A256094FA}"
EndProject
Project("{9A19103F-16F7-4668-BE54-9A1E7A4F7556}") = "Domain", "Domain\Domain.csproj", "{5E75FD37-89F6-4A0A-9D35-CF1FA16649E6}"
EndProject
Project("{9A19103F-16F7-4668-BE54-9A1E7A4F7556}") = "Facade", "Facade\Facade.csproj", "{5A6E599E-925E-4FC7-88CB-2D6CC27B5872}"
EndProject
Project("{9A19103F-16F7-4668-BE54-9A1E7A4F7556}") = "Infra", "Infra\Infra.csproj", "{0FC940B3-CF2A-4E99-8D88-99CA0121B0D1}"
EndProject
Project("{9A19103F-16F7-4668-BE54-9A1E7A4F7556}") = "Pages", "Pages\Pages.csproj", "{A9DF5F93-55F5-455D-935B-9001BE27D466}"
EndProject
Project("{FAE04EC0-301F-11D3-BF4B-00C04F79EFBC}") = "Tests", "Tests\Tests.csproj", "{D9FF4798-34A8-4213-9676-47375EF15B61}"
EndProject
Global
	GlobalSection(SolutionConfigurationPlatforms) = preSolution
		Debug|Any CPU = Debug|Any CPU
		Release|Any CPU = Release|Any CPU
	EndGlobalSection
	GlobalSection(ProjectConfigurationPlatforms) = postSolution
		{95FF400E-AEAB-4167-B884-1A874A3F5ACD}.Debug|Any CPU.ActiveCfg = Debug|Any CPU
		{95FF400E-AEAB-4167-B884-1A874A3F5ACD}.Debug|Any CPU.Build.0 = Debug|Any CPU
		{95FF400E-AEAB-4167-B884-1A874A3F5ACD}.Release|Any CPU.ActiveCfg = Release|Any CPU
		{95FF400E-AEAB-4167-B884-1A874A3F5ACD}.Release|Any CPU.Build.0 = Release|Any CPU
		{C60A684A-AEDD-40C7-921A-5D1CDA37DD63}.Debug|Any CPU.ActiveCfg = Debug|Any CPU
		{C60A684A-AEDD-40C7-921A-5D1CDA37DD63}.Debug|Any CPU.Build.0 = Debug|Any CPU
		{C60A684A-AEDD-40C7-921A-5D1CDA37DD63}.Release|Any CPU.ActiveCfg = Release|Any CPU
		{C60A684A-AEDD-40C7-921A-5D1CDA37DD63}.Release|Any CPU.Build.0 = Release|Any CPU
		{A58C7B09-A2A3-4992-A4B5-0B55C138D58E}.Debug|Any CPU.ActiveCfg = Debug|Any CPU
		{A58C7B09-A2A3-4992-A4B5-0B55C138D58E}.Debug|Any CPU.Build.0 = Debug|Any CPU
		{A58C7B09-A2A3-4992-A4B5-0B55C138D58E}.Release|Any CPU.ActiveCfg = Release|Any CPU
		{A58C7B09-A2A3-4992-A4B5-0B55C138D58E}.Release|Any CPU.Build.0 = Release|Any CPU
		{0E9F1053-655D-4AF5-B6BF-2A5A256094FA}.Debug|Any CPU.ActiveCfg = Debug|Any CPU
		{0E9F1053-655D-4AF5-B6BF-2A5A256094FA}.Debug|Any CPU.Build.0 = Debug|Any CPU
		{0E9F1053-655D-4AF5-B6BF-2A5A256094FA}.Release|Any CPU.ActiveCfg = Release|Any CPU
		{0E9F1053-655D-4AF5-B6BF-2A5A256094FA}.Release|Any CPU.Build.0 = Release|Any CPU
		{5E75FD37-89F6-4A0A-9D35-CF1FA16649E6}.Debug|Any CPU.ActiveCfg = Debug|Any CPU
		{5E75FD37-89F6-4A0A-9D35-CF1FA16649E6}.Debug|Any CPU.Build.0 = Debug|Any CPU
		{5E75FD37-89F6-4A0A-9D35-CF1FA16649E6}.Release|Any CPU.ActiveCfg = Release|Any CPU
		{5E75FD37-89F6-4A0A-9D35-CF1FA16649E6}.Release|Any CPU.Build.0 = Release|Any CPU
		{5A6E599E-925E-4FC7-88CB-2D6CC27B5872}.Debug|Any CPU.ActiveCfg = Debug|Any CPU
		{5A6E599E-925E-4FC7-88CB-2D6CC27B5872}.Debug|Any CPU.Build.0 = Debug|Any CPU
		{5A6E599E-925E-4FC7-88CB-2D6CC27B5872}.Release|Any CPU.ActiveCfg = Release|Any CPU
		{5A6E599E-925E-4FC7-88CB-2D6CC27B5872}.Release|Any CPU.Build.0 = Release|Any CPU
		{0FC940B3-CF2A-4E99-8D88-99CA0121B0D1}.Debug|Any CPU.ActiveCfg = Debug|Any CPU
		{0FC940B3-CF2A-4E99-8D88-99CA0121B0D1}.Debug|Any CPU.Build.0 = Debug|Any CPU
		{0FC940B3-CF2A-4E99-8D88-99CA0121B0D1}.Release|Any CPU.ActiveCfg = Release|Any CPU
		{0FC940B3-CF2A-4E99-8D88-99CA0121B0D1}.Release|Any CPU.Build.0 = Release|Any CPU
		{A9DF5F93-55F5-455D-935B-9001BE27D466}.Debug|Any CPU.ActiveCfg = Debug|Any CPU
		{A9DF5F93-55F5-455D-935B-9001BE27D466}.Debug|Any CPU.Build.0 = Debug|Any CPU
		{A9DF5F93-55F5-455D-935B-9001BE27D466}.Release|Any CPU.ActiveCfg = Release|Any CPU
		{A9DF5F93-55F5-455D-935B-9001BE27D466}.Release|Any CPU.Build.0 = Release|Any CPU
		{D9FF4798-34A8-4213-9676-47375EF15B61}.Debug|Any CPU.ActiveCfg = Debug|Any CPU
		{D9FF4798-34A8-4213-9676-47375EF15B61}.Debug|Any CPU.Build.0 = Debug|Any CPU
		{D9FF4798-34A8-4213-9676-47375EF15B61}.Release|Any CPU.ActiveCfg = Release|Any CPU
		{D9FF4798-34A8-4213-9676-47375EF15B61}.Release|Any CPU.Build.0 = Release|Any CPU
	EndGlobalSection
	GlobalSection(SolutionProperties) = preSolution
		HideSolutionNode = FALSE
	EndGlobalSection
	GlobalSection(ExtensibilityGlobals) = postSolution
		SolutionGuid = {03229501-C748-4E8A-983D-0092784E4272}
	EndGlobalSection
EndGlobal
